
Microsoft Visual Studio Solution File, Format Version 12.00
# Visual Studio Version 16
VisualStudioVersion = 16.0.29326.143
MinimumVisualStudioVersion = 10.0.40219.1
Project("{FAE04EC0-301F-11D3-BF4B-00C04F79EFBC}") = "04.console.Eindcijfer", "04.console.Eindcijfer\04.console.Eindcijfer.csproj", "{06C6FCA5-E8FF-4640-9999-1FF49F863D9B}"
EndProject
Project("{FAE04EC0-301F-11D3-BF4B-00C04F79EFBC}") = "04.console.Bestselling", "04.console.Bestselling\04.console.Bestselling.csproj", "{36764895-49FC-474F-80BD-909AF532C48E}"
EndProject
Project("{FAE04EC0-301F-11D3-BF4B-00C04F79EFBC}") = "04.console.Raden", "04.console.Raden\04.console.Raden.csproj", "{192A7592-2ECF-413A-B4BA-5E5699A0B5B5}"
EndProject
Project("{FAE04EC0-301F-11D3-BF4B-00C04F79EFBC}") = "04.wpf.SliderKleur", "04.wpf.SliderKleur\04.wpf.SliderKleur.csproj", "{7DF8CDF8-0B12-42EE-AB8E-BF8CABE3A831}"
EndProject
Global
	GlobalSection(SolutionConfigurationPlatforms) = preSolution
		Debug|Any CPU = Debug|Any CPU
		Release|Any CPU = Release|Any CPU
	EndGlobalSection
	GlobalSection(ProjectConfigurationPlatforms) = postSolution
		{06C6FCA5-E8FF-4640-9999-1FF49F863D9B}.Debug|Any CPU.ActiveCfg = Debug|Any CPU
		{06C6FCA5-E8FF-4640-9999-1FF49F863D9B}.Debug|Any CPU.Build.0 = Debug|Any CPU
		{06C6FCA5-E8FF-4640-9999-1FF49F863D9B}.Release|Any CPU.ActiveCfg = Release|Any CPU
		{06C6FCA5-E8FF-4640-9999-1FF49F863D9B}.Release|Any CPU.Build.0 = Release|Any CPU
		{36764895-49FC-474F-80BD-909AF532C48E}.Debug|Any CPU.ActiveCfg = Debug|Any CPU
		{36764895-49FC-474F-80BD-909AF532C48E}.Debug|Any CPU.Build.0 = Debug|Any CPU
		{36764895-49FC-474F-80BD-909AF532C48E}.Release|Any CPU.ActiveCfg = Release|Any CPU
		{36764895-49FC-474F-80BD-909AF532C48E}.Release|Any CPU.Build.0 = Release|Any CPU
		{192A7592-2ECF-413A-B4BA-5E5699A0B5B5}.Debug|Any CPU.ActiveCfg = Debug|Any CPU
		{192A7592-2ECF-413A-B4BA-5E5699A0B5B5}.Debug|Any CPU.Build.0 = Debug|Any CPU
		{192A7592-2ECF-413A-B4BA-5E5699A0B5B5}.Release|Any CPU.ActiveCfg = Release|Any CPU
		{192A7592-2ECF-413A-B4BA-5E5699A0B5B5}.Release|Any CPU.Build.0 = Release|Any CPU
		{7DF8CDF8-0B12-42EE-AB8E-BF8CABE3A831}.Debug|Any CPU.ActiveCfg = Debug|Any CPU
		{7DF8CDF8-0B12-42EE-AB8E-BF8CABE3A831}.Debug|Any CPU.Build.0 = Debug|Any CPU
		{7DF8CDF8-0B12-42EE-AB8E-BF8CABE3A831}.Release|Any CPU.ActiveCfg = Release|Any CPU
		{7DF8CDF8-0B12-42EE-AB8E-BF8CABE3A831}.Release|Any CPU.Build.0 = Release|Any CPU
	EndGlobalSection
	GlobalSection(SolutionProperties) = preSolution
		HideSolutionNode = FALSE
	EndGlobalSection
	GlobalSection(ExtensibilityGlobals) = postSolution
		SolutionGuid = {31DC0435-9BF0-4A67-A06D-537A31DEFA92}
	EndGlobalSection
EndGlobal
