
Microsoft Visual Studio Solution File, Format Version 12.00
# Visual Studio Version 16
VisualStudioVersion = 16.0.29326.143
MinimumVisualStudioVersion = 10.0.40219.1
Project("{FAE04EC0-301F-11D3-BF4B-00C04F79EFBC}") = "02.Hello", "02.Hello\02.Hello.csproj", "{B991009A-4E75-43CB-BC65-1208DCB7BF6D}"
EndProject
Project("{FAE04EC0-301F-11D3-BF4B-00C04F79EFBC}") = "02.Gedicht", "02.Gedicht\02.Gedicht.csproj", "{D964EB93-85C2-464B-B5DC-AC30E2ECDC39}"
EndProject
Project("{FAE04EC0-301F-11D3-BF4B-00C04F79EFBC}") = "02.Console.AsciiArt", "02.Console.AsciiArt\02.Console.AsciiArt.csproj", "{6BBB49D7-B1C5-401F-AE73-C2E82163D15E}"
EndProject
Project("{FAE04EC0-301F-11D3-BF4B-00C04F79EFBC}") = "02.console.Greenhouse", "02.console.Greenhouse\02.console.Greenhouse.csproj", "{7DC90045-15C5-4751-B1D2-7FE1525162EC}"
EndProject
Project("{FAE04EC0-301F-11D3-BF4B-00C04F79EFBC}") = "02.wpf.HelloWorld", "02.wpf.HelloWorld\02.wpf.HelloWorld.csproj", "{861B1EDE-A452-4D5F-A0DC-4FE52B047870}"
EndProject
Project("{FAE04EC0-301F-11D3-BF4B-00C04F79EFBC}") = "02.wpf.Chat", "02.wpf.Chat\02.wpf.Chat.csproj", "{00804077-E8E7-4545-AA1D-0B8CE55CE435}"
EndProject
Project("{FAE04EC0-301F-11D3-BF4B-00C04F79EFBC}") = "02.wpf.Slider", "02.wpf.Slider\02.wpf.Slider.csproj", "{B91D0B3E-6B3D-4697-A0B9-04E6EF6B9FC8}"
EndProject
Project("{FAE04EC0-301F-11D3-BF4B-00C04F79EFBC}") = "02.wpf.Pizza", "02.wpf.Pizza\02.wpf.Pizza.csproj", "{3AA23C95-8D0A-44CF-832B-DC13643D5C7F}"
EndProject
Global
	GlobalSection(SolutionConfigurationPlatforms) = preSolution
		Debug|Any CPU = Debug|Any CPU
		Release|Any CPU = Release|Any CPU
	EndGlobalSection
	GlobalSection(ProjectConfigurationPlatforms) = postSolution
		{B991009A-4E75-43CB-BC65-1208DCB7BF6D}.Debug|Any CPU.ActiveCfg = Debug|Any CPU
		{B991009A-4E75-43CB-BC65-1208DCB7BF6D}.Debug|Any CPU.Build.0 = Debug|Any CPU
		{B991009A-4E75-43CB-BC65-1208DCB7BF6D}.Release|Any CPU.ActiveCfg = Release|Any CPU
		{B991009A-4E75-43CB-BC65-1208DCB7BF6D}.Release|Any CPU.Build.0 = Release|Any CPU
		{D964EB93-85C2-464B-B5DC-AC30E2ECDC39}.Debug|Any CPU.ActiveCfg = Debug|Any CPU
		{D964EB93-85C2-464B-B5DC-AC30E2ECDC39}.Debug|Any CPU.Build.0 = Debug|Any CPU
		{D964EB93-85C2-464B-B5DC-AC30E2ECDC39}.Release|Any CPU.ActiveCfg = Release|Any CPU
		{D964EB93-85C2-464B-B5DC-AC30E2ECDC39}.Release|Any CPU.Build.0 = Release|Any CPU
		{6BBB49D7-B1C5-401F-AE73-C2E82163D15E}.Debug|Any CPU.ActiveCfg = Debug|Any CPU
		{6BBB49D7-B1C5-401F-AE73-C2E82163D15E}.Debug|Any CPU.Build.0 = Debug|Any CPU
		{6BBB49D7-B1C5-401F-AE73-C2E82163D15E}.Release|Any CPU.ActiveCfg = Release|Any CPU
		{6BBB49D7-B1C5-401F-AE73-C2E82163D15E}.Release|Any CPU.Build.0 = Release|Any CPU
		{7DC90045-15C5-4751-B1D2-7FE1525162EC}.Debug|Any CPU.ActiveCfg = Debug|Any CPU
		{7DC90045-15C5-4751-B1D2-7FE1525162EC}.Debug|Any CPU.Build.0 = Debug|Any CPU
		{7DC90045-15C5-4751-B1D2-7FE1525162EC}.Release|Any CPU.ActiveCfg = Release|Any CPU
		{7DC90045-15C5-4751-B1D2-7FE1525162EC}.Release|Any CPU.Build.0 = Release|Any CPU
		{861B1EDE-A452-4D5F-A0DC-4FE52B047870}.Debug|Any CPU.ActiveCfg = Debug|Any CPU
		{861B1EDE-A452-4D5F-A0DC-4FE52B047870}.Debug|Any CPU.Build.0 = Debug|Any CPU
		{861B1EDE-A452-4D5F-A0DC-4FE52B047870}.Release|Any CPU.ActiveCfg = Release|Any CPU
		{861B1EDE-A452-4D5F-A0DC-4FE52B047870}.Release|Any CPU.Build.0 = Release|Any CPU
		{00804077-E8E7-4545-AA1D-0B8CE55CE435}.Debug|Any CPU.ActiveCfg = Debug|Any CPU
		{00804077-E8E7-4545-AA1D-0B8CE55CE435}.Debug|Any CPU.Build.0 = Debug|Any CPU
		{00804077-E8E7-4545-AA1D-0B8CE55CE435}.Release|Any CPU.ActiveCfg = Release|Any CPU
		{00804077-E8E7-4545-AA1D-0B8CE55CE435}.Release|Any CPU.Build.0 = Release|Any CPU
		{B91D0B3E-6B3D-4697-A0B9-04E6EF6B9FC8}.Debug|Any CPU.ActiveCfg = Debug|Any CPU
		{B91D0B3E-6B3D-4697-A0B9-04E6EF6B9FC8}.Debug|Any CPU.Build.0 = Debug|Any CPU
		{B91D0B3E-6B3D-4697-A0B9-04E6EF6B9FC8}.Release|Any CPU.ActiveCfg = Release|Any CPU
		{B91D0B3E-6B3D-4697-A0B9-04E6EF6B9FC8}.Release|Any CPU.Build.0 = Release|Any CPU
		{3AA23C95-8D0A-44CF-832B-DC13643D5C7F}.Debug|Any CPU.ActiveCfg = Debug|Any CPU
		{3AA23C95-8D0A-44CF-832B-DC13643D5C7F}.Debug|Any CPU.Build.0 = Debug|Any CPU
		{3AA23C95-8D0A-44CF-832B-DC13643D5C7F}.Release|Any CPU.ActiveCfg = Release|Any CPU
		{3AA23C95-8D0A-44CF-832B-DC13643D5C7F}.Release|Any CPU.Build.0 = Release|Any CPU
	EndGlobalSection
	GlobalSection(SolutionProperties) = preSolution
		HideSolutionNode = FALSE
	EndGlobalSection
	GlobalSection(ExtensibilityGlobals) = postSolution
		SolutionGuid = {D77400EB-7A4F-42F3-B85C-06181A8D194C}
	EndGlobalSection
EndGlobal
