
Microsoft Visual Studio Solution File, Format Version 12.00
# Visual Studio Version 16
VisualStudioVersion = 16.0.29326.143
MinimumVisualStudioVersion = 10.0.40219.1
Project("{FAE04EC0-301F-11D3-BF4B-00C04F79EFBC}") = "03.console.Hms", "03.console.Hms\03.console.Hms.csproj", "{C530880D-3974-4DAD-BB25-3BFDB8D5066D}"
EndProject
Project("{FAE04EC0-301F-11D3-BF4B-00C04F79EFBC}") = "03.console.Mermaid", "03.console.Mermaid\03.console.Mermaid.csproj", "{7F5B33E2-CA0D-46CF-A599-500B24F48DD5}"
EndProject
Project("{FAE04EC0-301F-11D3-BF4B-00C04F79EFBC}") = "03.wpf.Calculator", "03.wpf.Calculator\03.wpf.Calculator.csproj", "{580473A3-BEB4-4DA8-A5C0-BCA65B68F2F2}"
EndProject
Global
	GlobalSection(SolutionConfigurationPlatforms) = preSolution
		Debug|Any CPU = Debug|Any CPU
		Release|Any CPU = Release|Any CPU
	EndGlobalSection
	GlobalSection(ProjectConfigurationPlatforms) = postSolution
		{C530880D-3974-4DAD-BB25-3BFDB8D5066D}.Debug|Any CPU.ActiveCfg = Debug|Any CPU
		{C530880D-3974-4DAD-BB25-3BFDB8D5066D}.Debug|Any CPU.Build.0 = Debug|Any CPU
		{C530880D-3974-4DAD-BB25-3BFDB8D5066D}.Release|Any CPU.ActiveCfg = Release|Any CPU
		{C530880D-3974-4DAD-BB25-3BFDB8D5066D}.Release|Any CPU.Build.0 = Release|Any CPU
		{7F5B33E2-CA0D-46CF-A599-500B24F48DD5}.Debug|Any CPU.ActiveCfg = Debug|Any CPU
		{7F5B33E2-CA0D-46CF-A599-500B24F48DD5}.Debug|Any CPU.Build.0 = Debug|Any CPU
		{7F5B33E2-CA0D-46CF-A599-500B24F48DD5}.Release|Any CPU.ActiveCfg = Release|Any CPU
		{7F5B33E2-CA0D-46CF-A599-500B24F48DD5}.Release|Any CPU.Build.0 = Release|Any CPU
		{580473A3-BEB4-4DA8-A5C0-BCA65B68F2F2}.Debug|Any CPU.ActiveCfg = Debug|Any CPU
		{580473A3-BEB4-4DA8-A5C0-BCA65B68F2F2}.Debug|Any CPU.Build.0 = Debug|Any CPU
		{580473A3-BEB4-4DA8-A5C0-BCA65B68F2F2}.Release|Any CPU.ActiveCfg = Release|Any CPU
		{580473A3-BEB4-4DA8-A5C0-BCA65B68F2F2}.Release|Any CPU.Build.0 = Release|Any CPU
	EndGlobalSection
	GlobalSection(SolutionProperties) = preSolution
		HideSolutionNode = FALSE
	EndGlobalSection
	GlobalSection(ExtensibilityGlobals) = postSolution
		SolutionGuid = {42A158E5-932A-4059-B259-3BCEB3D84353}
	EndGlobalSection
EndGlobal
